<?xml version="1.0" encoding="UTF-8"?>
<!DOCTYPE plist PUBLIC "-//Apple//DTD PLIST 1.0//EN" "http://www.apple.com/DTDs/PropertyList-1.0.dtd">
<plist version="1.0">
<dict>
	<key>archiveVersion</key>
	<string>1</string>
	<key>classes</key>
	<dict/>
	<key>objectVersion</key>
	<string>46</string>
	<key>objects</key>
	<dict>
		<key>0ED23A96642C6BA9942FF65D</key>
		<dict>
			<key>includeInIndex</key>
			<string>1</string>
			<key>isa</key>
			<string>PBXFileReference</string>
			<key>lastKnownFileType</key>
			<string>text.xcconfig</string>
			<key>name</key>
			<string>Pods.release.xcconfig</string>
			<key>path</key>
			<string>Pods/Target Support Files/Pods/Pods.release.xcconfig</string>
			<key>sourceTree</key>
			<string>&lt;group&gt;</string>
		</dict>
		<key>17AD5E18AAA64DADB9AED1B5</key>
		<dict>
			<key>children</key>
			<array>
				<string>89D53A6E5610E0202BEB6793</string>
			</array>
			<key>isa</key>
			<string>PBXGroup</string>
			<key>name</key>
			<string>Frameworks</string>
			<key>sourceTree</key>
			<string>&lt;group&gt;</string>
		</dict>
		<key>21A082BDA64E79DFF931BF13</key>
		<dict>
			<key>includeInIndex</key>
			<string>1</string>
			<key>isa</key>
			<string>PBXFileReference</string>
			<key>lastKnownFileType</key>
			<string>text.xcconfig</string>
			<key>name</key>
			<string>Pods.debug.xcconfig</string>
			<key>path</key>
			<string>Pods/Target Support Files/Pods/Pods.debug.xcconfig</string>
			<key>sourceTree</key>
			<string>&lt;group&gt;</string>
		</dict>
		<key>26E434F81B1439C900101241</key>
		<dict>
			<key>children</key>
			<array>
				<string>26E435031B1439C900101241</string>
				<string>26E4351D1B1439CA00101241</string>
				<string>26E435021B1439C900101241</string>
				<string>5B4C86B53DE1324DF5421069</string>
				<string>17AD5E18AAA64DADB9AED1B5</string>
			</array>
			<key>isa</key>
			<string>PBXGroup</string>
			<key>sourceTree</key>
			<string>&lt;group&gt;</string>
		</dict>
		<key>26E434F91B1439C900101241</key>
		<dict>
			<key>attributes</key>
			<dict>
				<key>LastUpgradeCheck</key>
				<string>0630</string>
				<key>ORGANIZATIONNAME</key>
				<string>&#24494;&#21152;&#31185;&#25216;</string>
				<key>TargetAttributes</key>
				<dict>
					<key>26E435001B1439C900101241</key>
					<dict>
						<key>CreatedOnToolsVersion</key>
						<string>6.3.2</string>
					</dict>
					<key>26E435191B1439CA00101241</key>
					<dict>
						<key>CreatedOnToolsVersion</key>
						<string>6.3.2</string>
						<key>TestTargetID</key>
						<string>26E435001B1439C900101241</string>
					</dict>
				</dict>
			</dict>
			<key>buildConfigurationList</key>
			<string>26E434FC1B1439C900101241</string>
			<key>compatibilityVersion</key>
			<string>Xcode 3.2</string>
			<key>developmentRegion</key>
			<string>English</string>
			<key>hasScannedForEncodings</key>
			<string>0</string>
			<key>isa</key>
			<string>PBXProject</string>
			<key>knownRegions</key>
			<array>
				<string>en</string>
				<string>Base</string>
			</array>
			<key>mainGroup</key>
			<string>26E434F81B1439C900101241</string>
			<key>productRefGroup</key>
			<string>26E435021B1439C900101241</string>
			<key>projectDirPath</key>
			<string></string>
			<key>projectReferences</key>
			<array/>
			<key>projectRoot</key>
			<string></string>
			<key>targets</key>
			<array>
				<string>26E435001B1439C900101241</string>
				<string>26E435191B1439CA00101241</string>
			</array>
		</dict>
		<key>26E434FC1B1439C900101241</key>
		<dict>
			<key>buildConfigurations</key>
			<array>
				<string>26E435221B1439CA00101241</string>
				<string>26E435231B1439CA00101241</string>
			</array>
			<key>defaultConfigurationIsVisible</key>
			<string>0</string>
			<key>defaultConfigurationName</key>
			<string>Release</string>
			<key>isa</key>
			<string>XCConfigurationList</string>
		</dict>
		<key>26E434FD1B1439C900101241</key>
		<dict>
			<key>buildActionMask</key>
			<string>2147483647</string>
			<key>files</key>
			<array>
				<string>26E435411B148D0F00101241</string>
				<string>26E435851B149A1500101241</string>
				<string>26E435881B149A1500101241</string>
				<string>26E435431B148D0F00101241</string>
				<string>26E4350A1B1439C900101241</string>
				<string>26E435891B149A1500101241</string>
				<string>26E435401B148D0F00101241</string>
				<string>26E4353F1B148D0F00101241</string>
				<string>26E435871B149A1500101241</string>
				<string>26E4358A1B149A1500101241</string>
				<string>26E435071B1439C900101241</string>
				<string>26E435421B148D0F00101241</string>
				<string>26E435861B149A1500101241</string>
			</array>
			<key>isa</key>
			<string>PBXSourcesBuildPhase</string>
			<key>runOnlyForDeploymentPostprocessing</key>
			<string>0</string>
		</dict>
		<key>26E434FE1B1439C900101241</key>
		<dict>
			<key>buildActionMask</key>
			<string>2147483647</string>
			<key>files</key>
			<array>
				<string>A1DA60D2DA18973A5A05954E</string>
			</array>
			<key>isa</key>
			<string>PBXFrameworksBuildPhase</string>
			<key>runOnlyForDeploymentPostprocessing</key>
			<string>0</string>
		</dict>
		<key>26E434FF1B1439C900101241</key>
		<dict>
			<key>buildActionMask</key>
			<string>2147483647</string>
			<key>files</key>
			<array>
				<string>26E435481B148D0F00101241</string>
				<string>26E435441B148D0F00101241</string>
				<string>26E435151B1439C900101241</string>
				<string>26E435121B1439C900101241</string>
				<string>26E435451B148D0F00101241</string>
				<string>26E435461B148D0F00101241</string>
				<string>26E435491B148D0F00101241</string>
				<string>26E435471B148D0F00101241</string>
				<string>26E4354A1B148D0F00101241</string>
			</array>
			<key>isa</key>
			<string>PBXResourcesBuildPhase</string>
			<key>runOnlyForDeploymentPostprocessing</key>
			<string>0</string>
		</dict>
		<key>26E435001B1439C900101241</key>
		<dict>
			<key>buildConfigurationList</key>
			<string>26E435241B1439CA00101241</string>
			<key>buildPhases</key>
			<array>
				<string>6448A04090ADABA4664DD144</string>
				<string>26E434FD1B1439C900101241</string>
				<string>26E434FE1B1439C900101241</string>
				<string>26E434FF1B1439C900101241</string>
				<string>A6A8A9A9E09F1E3897B464B2</string>
			</array>
			<key>buildRules</key>
			<array/>
			<key>dependencies</key>
			<array/>
			<key>isa</key>
			<string>PBXNativeTarget</string>
			<key>name</key>
			<string>ZXChart</string>
			<key>productName</key>
			<string>ZXChart</string>
			<key>productReference</key>
			<string>26E435011B1439C900101241</string>
			<key>productType</key>
			<string>com.apple.product-type.application</string>
		</dict>
		<key>26E435011B1439C900101241</key>
		<dict>
			<key>explicitFileType</key>
			<string>wrapper.application</string>
			<key>includeInIndex</key>
			<string>0</string>
			<key>isa</key>
			<string>PBXFileReference</string>
			<key>path</key>
			<string>ZXChart.app</string>
			<key>sourceTree</key>
			<string>BUILT_PRODUCTS_DIR</string>
		</dict>
		<key>26E435021B1439C900101241</key>
		<dict>
			<key>children</key>
			<array>
				<string>26E435011B1439C900101241</string>
				<string>26E4351A1B1439CA00101241</string>
			</array>
			<key>isa</key>
			<string>PBXGroup</string>
			<key>name</key>
			<string>Products</string>
			<key>sourceTree</key>
			<string>&lt;group&gt;</string>
		</dict>
		<key>26E435031B1439C900101241</key>
		<dict>
			<key>children</key>
			<array>
				<string>26E435781B149A1500101241</string>
				<string>26E4352A1B148D0F00101241</string>
				<string>26E4352F1B148D0F00101241</string>
				<string>26E435361B148D0F00101241</string>
				<string>26E435111B1439C900101241</string>
				<string>26E435131B1439C900101241</string>
				<string>26E435041B1439C900101241</string>
			</array>
			<key>isa</key>
			<string>PBXGroup</string>
			<key>path</key>
			<string>ZXChart</string>
			<key>sourceTree</key>
			<string>&lt;group&gt;</string>
		</dict>
		<key>26E435041B1439C900101241</key>
		<dict>
			<key>children</key>
			<array>
				<string>26E435051B1439C900101241</string>
				<string>26E435061B1439C900101241</string>
			</array>
			<key>isa</key>
			<string>PBXGroup</string>
			<key>name</key>
			<string>Supporting Files</string>
			<key>sourceTree</key>
			<string>&lt;group&gt;</string>
		</dict>
		<key>26E435051B1439C900101241</key>
		<dict>
			<key>isa</key>
			<string>PBXFileReference</string>
			<key>lastKnownFileType</key>
			<string>text.plist.xml</string>
			<key>path</key>
			<string>Info.plist</string>
			<key>sourceTree</key>
			<string>&lt;group&gt;</string>
		</dict>
		<key>26E435061B1439C900101241</key>
		<dict>
			<key>isa</key>
			<string>PBXFileReference</string>
			<key>lastKnownFileType</key>
			<string>sourcecode.c.objc</string>
			<key>path</key>
			<string>main.m</string>
			<key>sourceTree</key>
			<string>&lt;group&gt;</string>
		</dict>
		<key>26E435071B1439C900101241</key>
		<dict>
			<key>fileRef</key>
			<string>26E435061B1439C900101241</string>
			<key>isa</key>
			<string>PBXBuildFile</string>
		</dict>
		<key>26E435081B1439C900101241</key>
		<dict>
			<key>isa</key>
			<string>PBXFileReference</string>
			<key>lastKnownFileType</key>
			<string>sourcecode.c.h</string>
			<key>name</key>
			<string>AppDelegate.h</string>
			<key>path</key>
			<string>../AppDelegate.h</string>
			<key>sourceTree</key>
			<string>&lt;group&gt;</string>
		</dict>
		<key>26E435091B1439C900101241</key>
		<dict>
			<key>isa</key>
			<string>PBXFileReference</string>
			<key>lastKnownFileType</key>
			<string>sourcecode.c.objc</string>
			<key>name</key>
			<string>AppDelegate.m</string>
			<key>path</key>
			<string>../AppDelegate.m</string>
			<key>sourceTree</key>
			<string>&lt;group&gt;</string>
		</dict>
		<key>26E4350A1B1439C900101241</key>
		<dict>
			<key>fileRef</key>
			<string>26E435091B1439C900101241</string>
			<key>isa</key>
			<string>PBXBuildFile</string>
		</dict>
		<key>26E435111B1439C900101241</key>
		<dict>
			<key>isa</key>
			<string>PBXFileReference</string>
			<key>lastKnownFileType</key>
			<string>folder.assetcatalog</string>
			<key>path</key>
			<string>Images.xcassets</string>
			<key>sourceTree</key>
			<string>&lt;group&gt;</string>
		</dict>
		<key>26E435121B1439C900101241</key>
		<dict>
			<key>fileRef</key>
			<string>26E435111B1439C900101241</string>
			<key>isa</key>
			<string>PBXBuildFile</string>
		</dict>
		<key>26E435131B1439C900101241</key>
		<dict>
			<key>children</key>
			<array>
				<string>26E435141B1439C900101241</string>
			</array>
			<key>isa</key>
			<string>PBXVariantGroup</string>
			<key>name</key>
			<string>LaunchScreen.xib</string>
			<key>sourceTree</key>
			<string>&lt;group&gt;</string>
		</dict>
		<key>26E435141B1439C900101241</key>
		<dict>
			<key>isa</key>
			<string>PBXFileReference</string>
			<key>lastKnownFileType</key>
			<string>file.xib</string>
			<key>name</key>
			<string>Base</string>
			<key>path</key>
			<string>Base.lproj/LaunchScreen.xib</string>
			<key>sourceTree</key>
			<string>&lt;group&gt;</string>
		</dict>
		<key>26E435151B1439C900101241</key>
		<dict>
			<key>fileRef</key>
			<string>26E435131B1439C900101241</string>
			<key>isa</key>
			<string>PBXBuildFile</string>
		</dict>
		<key>26E435161B1439CA00101241</key>
		<dict>
			<key>buildActionMask</key>
			<string>2147483647</string>
			<key>files</key>
			<array>
				<string>26E435211B1439CA00101241</string>
			</array>
			<key>isa</key>
			<string>PBXSourcesBuildPhase</string>
			<key>runOnlyForDeploymentPostprocessing</key>
			<string>0</string>
		</dict>
		<key>26E435171B1439CA00101241</key>
		<dict>
			<key>buildActionMask</key>
			<string>2147483647</string>
			<key>files</key>
			<array/>
			<key>isa</key>
			<string>PBXFrameworksBuildPhase</string>
			<key>runOnlyForDeploymentPostprocessing</key>
			<string>0</string>
		</dict>
		<key>26E435181B1439CA00101241</key>
		<dict>
			<key>buildActionMask</key>
			<string>2147483647</string>
			<key>files</key>
			<array/>
			<key>isa</key>
			<string>PBXResourcesBuildPhase</string>
			<key>runOnlyForDeploymentPostprocessing</key>
			<string>0</string>
		</dict>
		<key>26E435191B1439CA00101241</key>
		<dict>
			<key>buildConfigurationList</key>
			<string>26E435271B1439CA00101241</string>
			<key>buildPhases</key>
			<array>
				<string>26E435161B1439CA00101241</string>
				<string>26E435171B1439CA00101241</string>
				<string>26E435181B1439CA00101241</string>
			</array>
			<key>buildRules</key>
			<array/>
			<key>dependencies</key>
			<array>
				<string>26E4351C1B1439CA00101241</string>
			</array>
			<key>isa</key>
			<string>PBXNativeTarget</string>
			<key>name</key>
			<string>ZXChartTests</string>
			<key>productName</key>
			<string>ZXChartTests</string>
			<key>productReference</key>
			<string>26E4351A1B1439CA00101241</string>
			<key>productType</key>
			<string>com.apple.product-type.bundle.unit-test</string>
		</dict>
		<key>26E4351A1B1439CA00101241</key>
		<dict>
			<key>explicitFileType</key>
			<string>wrapper.cfbundle</string>
			<key>includeInIndex</key>
			<string>0</string>
			<key>isa</key>
			<string>PBXFileReference</string>
			<key>path</key>
			<string>ZXChartTests.xctest</string>
			<key>sourceTree</key>
			<string>BUILT_PRODUCTS_DIR</string>
		</dict>
		<key>26E4351B1B1439CA00101241</key>
		<dict>
			<key>containerPortal</key>
			<string>26E434F91B1439C900101241</string>
			<key>isa</key>
			<string>PBXContainerItemProxy</string>
			<key>proxyType</key>
			<string>1</string>
			<key>remoteGlobalIDString</key>
			<string>26E435001B1439C900101241</string>
			<key>remoteInfo</key>
			<string>ZXChart</string>
		</dict>
		<key>26E4351C1B1439CA00101241</key>
		<dict>
			<key>isa</key>
			<string>PBXTargetDependency</string>
			<key>target</key>
			<string>26E435001B1439C900101241</string>
			<key>targetProxy</key>
			<string>26E4351B1B1439CA00101241</string>
		</dict>
		<key>26E4351D1B1439CA00101241</key>
		<dict>
			<key>children</key>
			<array>
				<string>26E435201B1439CA00101241</string>
				<string>26E4351E1B1439CA00101241</string>
			</array>
			<key>isa</key>
			<string>PBXGroup</string>
			<key>path</key>
			<string>ZXChartTests</string>
			<key>sourceTree</key>
			<string>&lt;group&gt;</string>
		</dict>
		<key>26E4351E1B1439CA00101241</key>
		<dict>
			<key>children</key>
			<array>
				<string>26E4351F1B1439CA00101241</string>
			</array>
			<key>isa</key>
			<string>PBXGroup</string>
			<key>name</key>
			<string>Supporting Files</string>
			<key>sourceTree</key>
			<string>&lt;group&gt;</string>
		</dict>
		<key>26E4351F1B1439CA00101241</key>
		<dict>
			<key>isa</key>
			<string>PBXFileReference</string>
			<key>lastKnownFileType</key>
			<string>text.plist.xml</string>
			<key>path</key>
			<string>Info.plist</string>
			<key>sourceTree</key>
			<string>&lt;group&gt;</string>
		</dict>
		<key>26E435201B1439CA00101241</key>
		<dict>
			<key>isa</key>
			<string>PBXFileReference</string>
			<key>lastKnownFileType</key>
			<string>sourcecode.c.objc</string>
			<key>path</key>
			<string>ZXChartTests.m</string>
			<key>sourceTree</key>
			<string>&lt;group&gt;</string>
		</dict>
		<key>26E435211B1439CA00101241</key>
		<dict>
			<key>fileRef</key>
			<string>26E435201B1439CA00101241</string>
			<key>isa</key>
			<string>PBXBuildFile</string>
		</dict>
		<key>26E435221B1439CA00101241</key>
		<dict>
			<key>buildSettings</key>
			<dict>
				<key>ALWAYS_SEARCH_USER_PATHS</key>
				<string>NO</string>
				<key>CLANG_CXX_LANGUAGE_STANDARD</key>
				<string>gnu++0x</string>
				<key>CLANG_CXX_LIBRARY</key>
				<string>libc++</string>
				<key>CLANG_ENABLE_MODULES</key>
				<string>YES</string>
				<key>CLANG_ENABLE_OBJC_ARC</key>
				<string>YES</string>
				<key>CLANG_WARN_BOOL_CONVERSION</key>
				<string>YES</string>
				<key>CLANG_WARN_CONSTANT_CONVERSION</key>
				<string>YES</string>
				<key>CLANG_WARN_DIRECT_OBJC_ISA_USAGE</key>
				<string>YES_ERROR</string>
				<key>CLANG_WARN_EMPTY_BODY</key>
				<string>YES</string>
				<key>CLANG_WARN_ENUM_CONVERSION</key>
				<string>YES</string>
				<key>CLANG_WARN_INT_CONVERSION</key>
				<string>YES</string>
				<key>CLANG_WARN_OBJC_ROOT_CLASS</key>
				<string>YES_ERROR</string>
				<key>CLANG_WARN_UNREACHABLE_CODE</key>
				<string>YES</string>
				<key>CLANG_WARN__DUPLICATE_METHOD_MATCH</key>
				<string>YES</string>
				<key>CODE_SIGN_IDENTITY[sdk=iphoneos*]</key>
				<string>iPhone Developer</string>
				<key>COPY_PHASE_STRIP</key>
				<string>NO</string>
				<key>DEBUG_INFORMATION_FORMAT</key>
				<string>dwarf-with-dsym</string>
				<key>ENABLE_STRICT_OBJC_MSGSEND</key>
				<string>YES</string>
				<key>GCC_C_LANGUAGE_STANDARD</key>
				<string>gnu99</string>
				<key>GCC_DYNAMIC_NO_PIC</key>
				<string>NO</string>
				<key>GCC_NO_COMMON_BLOCKS</key>
				<string>YES</string>
				<key>GCC_OPTIMIZATION_LEVEL</key>
				<string>0</string>
				<key>GCC_PREPROCESSOR_DEFINITIONS</key>
				<array>
					<string>DEBUG=1</string>
					<string>$(inherited)</string>
				</array>
				<key>GCC_SYMBOLS_PRIVATE_EXTERN</key>
				<string>NO</string>
				<key>GCC_WARN_64_TO_32_BIT_CONVERSION</key>
				<string>YES</string>
				<key>GCC_WARN_ABOUT_RETURN_TYPE</key>
				<string>YES_ERROR</string>
				<key>GCC_WARN_UNDECLARED_SELECTOR</key>
				<string>YES</string>
				<key>GCC_WARN_UNINITIALIZED_AUTOS</key>
				<string>YES_AGGRESSIVE</string>
				<key>GCC_WARN_UNUSED_FUNCTION</key>
				<string>YES</string>
				<key>GCC_WARN_UNUSED_VARIABLE</key>
				<string>YES</string>
				<key>IPHONEOS_DEPLOYMENT_TARGET</key>
				<string>8.3</string>
				<key>MTL_ENABLE_DEBUG_INFO</key>
				<string>YES</string>
				<key>ONLY_ACTIVE_ARCH</key>
				<string>YES</string>
				<key>SDKROOT</key>
				<string>iphoneos</string>
			</dict>
			<key>isa</key>
			<string>XCBuildConfiguration</string>
			<key>name</key>
			<string>Debug</string>
		</dict>
		<key>26E435231B1439CA00101241</key>
		<dict>
			<key>buildSettings</key>
			<dict>
				<key>ALWAYS_SEARCH_USER_PATHS</key>
				<string>NO</string>
				<key>CLANG_CXX_LANGUAGE_STANDARD</key>
				<string>gnu++0x</string>
				<key>CLANG_CXX_LIBRARY</key>
				<string>libc++</string>
				<key>CLANG_ENABLE_MODULES</key>
				<string>YES</string>
				<key>CLANG_ENABLE_OBJC_ARC</key>
				<string>YES</string>
				<key>CLANG_WARN_BOOL_CONVERSION</key>
				<string>YES</string>
				<key>CLANG_WARN_CONSTANT_CONVERSION</key>
				<string>YES</string>
				<key>CLANG_WARN_DIRECT_OBJC_ISA_USAGE</key>
				<string>YES_ERROR</string>
				<key>CLANG_WARN_EMPTY_BODY</key>
				<string>YES</string>
				<key>CLANG_WARN_ENUM_CONVERSION</key>
				<string>YES</string>
				<key>CLANG_WARN_INT_CONVERSION</key>
				<string>YES</string>
				<key>CLANG_WARN_OBJC_ROOT_CLASS</key>
				<string>YES_ERROR</string>
				<key>CLANG_WARN_UNREACHABLE_CODE</key>
				<string>YES</string>
				<key>CLANG_WARN__DUPLICATE_METHOD_MATCH</key>
				<string>YES</string>
				<key>CODE_SIGN_IDENTITY[sdk=iphoneos*]</key>
				<string>iPhone Developer</string>
				<key>COPY_PHASE_STRIP</key>
				<string>NO</string>
				<key>DEBUG_INFORMATION_FORMAT</key>
				<string>dwarf-with-dsym</string>
				<key>ENABLE_NS_ASSERTIONS</key>
				<string>NO</string>
				<key>ENABLE_STRICT_OBJC_MSGSEND</key>
				<string>YES</string>
				<key>GCC_C_LANGUAGE_STANDARD</key>
				<string>gnu99</string>
				<key>GCC_NO_COMMON_BLOCKS</key>
				<string>YES</string>
				<key>GCC_WARN_64_TO_32_BIT_CONVERSION</key>
				<string>YES</string>
				<key>GCC_WARN_ABOUT_RETURN_TYPE</key>
				<string>YES_ERROR</string>
				<key>GCC_WARN_UNDECLARED_SELECTOR</key>
				<string>YES</string>
				<key>GCC_WARN_UNINITIALIZED_AUTOS</key>
				<string>YES_AGGRESSIVE</string>
				<key>GCC_WARN_UNUSED_FUNCTION</key>
				<string>YES</string>
				<key>GCC_WARN_UNUSED_VARIABLE</key>
				<string>YES</string>
				<key>IPHONEOS_DEPLOYMENT_TARGET</key>
				<string>8.3</string>
				<key>MTL_ENABLE_DEBUG_INFO</key>
				<string>NO</string>
				<key>SDKROOT</key>
				<string>iphoneos</string>
				<key>VALIDATE_PRODUCT</key>
				<string>YES</string>
			</dict>
			<key>isa</key>
			<string>XCBuildConfiguration</string>
			<key>name</key>
			<string>Release</string>
		</dict>
		<key>26E435241B1439CA00101241</key>
		<dict>
			<key>buildConfigurations</key>
			<array>
				<string>26E435251B1439CA00101241</string>
				<string>26E435261B1439CA00101241</string>
			</array>
			<key>defaultConfigurationIsVisible</key>
			<string>0</string>
			<key>isa</key>
			<string>XCConfigurationList</string>
		</dict>
		<key>26E435251B1439CA00101241</key>
		<dict>
			<key>baseConfigurationReference</key>
			<string>21A082BDA64E79DFF931BF13</string>
			<key>buildSettings</key>
			<dict>
				<key>ASSETCATALOG_COMPILER_APPICON_NAME</key>
				<string>AppIcon</string>
				<key>INFOPLIST_FILE</key>
				<string>ZXChart/Info.plist</string>
				<key>LD_RUNPATH_SEARCH_PATHS</key>
				<string>$(inherited) @executable_path/Frameworks</string>
				<key>PRODUCT_NAME</key>
				<string>$(TARGET_NAME)</string>
			</dict>
			<key>isa</key>
			<string>XCBuildConfiguration</string>
			<key>name</key>
			<string>Debug</string>
		</dict>
		<key>26E435261B1439CA00101241</key>
		<dict>
			<key>baseConfigurationReference</key>
			<string>0ED23A96642C6BA9942FF65D</string>
			<key>buildSettings</key>
			<dict>
				<key>ASSETCATALOG_COMPILER_APPICON_NAME</key>
				<string>AppIcon</string>
				<key>INFOPLIST_FILE</key>
				<string>ZXChart/Info.plist</string>
				<key>LD_RUNPATH_SEARCH_PATHS</key>
				<string>$(inherited) @executable_path/Frameworks</string>
				<key>PRODUCT_NAME</key>
				<string>$(TARGET_NAME)</string>
			</dict>
			<key>isa</key>
			<string>XCBuildConfiguration</string>
			<key>name</key>
			<string>Release</string>
		</dict>
		<key>26E435271B1439CA00101241</key>
		<dict>
			<key>buildConfigurations</key>
			<array>
				<string>26E435281B1439CA00101241</string>
				<string>26E435291B1439CA00101241</string>
			</array>
			<key>defaultConfigurationIsVisible</key>
			<string>0</string>
			<key>isa</key>
			<string>XCConfigurationList</string>
		</dict>
		<key>26E435281B1439CA00101241</key>
		<dict>
			<key>buildSettings</key>
			<dict>
				<key>BUNDLE_LOADER</key>
				<string>$(TEST_HOST)</string>
				<key>FRAMEWORK_SEARCH_PATHS</key>
				<array>
					<string>$(SDKROOT)/Developer/Library/Frameworks</string>
					<string>$(inherited)</string>
				</array>
				<key>GCC_PREPROCESSOR_DEFINITIONS</key>
				<array>
					<string>DEBUG=1</string>
					<string>$(inherited)</string>
				</array>
				<key>INFOPLIST_FILE</key>
				<string>ZXChartTests/Info.plist</string>
				<key>LD_RUNPATH_SEARCH_PATHS</key>
				<string>$(inherited) @executable_path/Frameworks @loader_path/Frameworks</string>
				<key>PRODUCT_NAME</key>
				<string>$(TARGET_NAME)</string>
				<key>TEST_HOST</key>
				<string>$(BUILT_PRODUCTS_DIR)/ZXChart.app/ZXChart</string>
			</dict>
			<key>isa</key>
			<string>XCBuildConfiguration</string>
			<key>name</key>
			<string>Debug</string>
		</dict>
		<key>26E435291B1439CA00101241</key>
		<dict>
			<key>buildSettings</key>
			<dict>
				<key>BUNDLE_LOADER</key>
				<string>$(TEST_HOST)</string>
				<key>FRAMEWORK_SEARCH_PATHS</key>
				<array>
					<string>$(SDKROOT)/Developer/Library/Frameworks</string>
					<string>$(inherited)</string>
				</array>
				<key>INFOPLIST_FILE</key>
				<string>ZXChartTests/Info.plist</string>
				<key>LD_RUNPATH_SEARCH_PATHS</key>
				<string>$(inherited) @executable_path/Frameworks @loader_path/Frameworks</string>
				<key>PRODUCT_NAME</key>
				<string>$(TARGET_NAME)</string>
				<key>TEST_HOST</key>
				<string>$(BUILT_PRODUCTS_DIR)/ZXChart.app/ZXChart</string>
			</dict>
			<key>isa</key>
			<string>XCBuildConfiguration</string>
			<key>name</key>
			<string>Release</string>
		</dict>
		<key>26E4352A1B148D0F00101241</key>
		<dict>
			<key>children</key>
			<array>
				<string>26E435081B1439C900101241</string>
				<string>26E435091B1439C900101241</string>
				<string>26E4352B1B148D0F00101241</string>
				<string>26E4352C1B148D0F00101241</string>
				<string>26E4352D1B148D0F00101241</string>
				<string>26E4352E1B148D0F00101241</string>
			</array>
			<key>isa</key>
			<string>PBXGroup</string>
			<key>path</key>
			<string>Common</string>
			<key>sourceTree</key>
			<string>&lt;group&gt;</string>
		</dict>
		<key>26E4352B1B148D0F00101241</key>
		<dict>
			<key>fileEncoding</key>
			<string>4</string>
			<key>isa</key>
			<string>PBXFileReference</string>
			<key>lastKnownFileType</key>
			<string>sourcecode.c.h</string>
			<key>path</key>
			<string>BaseNavigationViewController.h</string>
			<key>sourceTree</key>
			<string>&lt;group&gt;</string>
		</dict>
		<key>26E4352C1B148D0F00101241</key>
		<dict>
			<key>fileEncoding</key>
			<string>4</string>
			<key>isa</key>
			<string>PBXFileReference</string>
			<key>lastKnownFileType</key>
			<string>sourcecode.c.objc</string>
			<key>path</key>
			<string>BaseNavigationViewController.m</string>
			<key>sourceTree</key>
			<string>&lt;group&gt;</string>
		</dict>
		<key>26E4352D1B148D0F00101241</key>
		<dict>
			<key>fileEncoding</key>
			<string>4</string>
			<key>isa</key>
			<string>PBXFileReference</string>
			<key>lastKnownFileType</key>
			<string>sourcecode.c.h</string>
			<key>path</key>
			<string>MainTabBarViewController.h</string>
			<key>sourceTree</key>
			<string>&lt;group&gt;</string>
		</dict>
		<key>26E4352E1B148D0F00101241</key>
		<dict>
			<key>fileEncoding</key>
			<string>4</string>
			<key>isa</key>
			<string>PBXFileReference</string>
			<key>lastKnownFileType</key>
			<string>sourcecode.c.objc</string>
			<key>path</key>
			<string>MainTabBarViewController.m</string>
			<key>sourceTree</key>
			<string>&lt;group&gt;</string>
		</dict>
		<key>26E4352F1B148D0F00101241</key>
		<dict>
			<key>children</key>
			<array>
				<string>26E435301B148D0F00101241</string>
				<string>26E435311B148D0F00101241</string>
				<string>26E435321B148D0F00101241</string>
				<string>26E435331B148D0F00101241</string>
				<string>26E435341B148D0F00101241</string>
				<string>26E435351B148D0F00101241</string>
			</array>
			<key>isa</key>
			<string>PBXGroup</string>
			<key>path</key>
			<string>Controller</string>
			<key>sourceTree</key>
			<string>&lt;group&gt;</string>
		</dict>
		<key>26E435301B148D0F00101241</key>
		<dict>
			<key>fileEncoding</key>
			<string>4</string>
			<key>isa</key>
			<string>PBXFileReference</string>
			<key>lastKnownFileType</key>
			<string>sourcecode.c.h</string>
			<key>path</key>
			<string>firstPageViewController.h</string>
			<key>sourceTree</key>
			<string>&lt;group&gt;</string>
		</dict>
		<key>26E435311B148D0F00101241</key>
		<dict>
			<key>fileEncoding</key>
			<string>4</string>
			<key>isa</key>
			<string>PBXFileReference</string>
			<key>lastKnownFileType</key>
			<string>sourcecode.c.objc</string>
			<key>path</key>
			<string>firstPageViewController.m</string>
			<key>sourceTree</key>
			<string>&lt;group&gt;</string>
		</dict>
		<key>26E435321B148D0F00101241</key>
		<dict>
			<key>fileEncoding</key>
			<string>4</string>
			<key>isa</key>
			<string>PBXFileReference</string>
			<key>lastKnownFileType</key>
			<string>sourcecode.c.h</string>
			<key>path</key>
			<string>secondPageViewController.h</string>
			<key>sourceTree</key>
			<string>&lt;group&gt;</string>
		</dict>
		<key>26E435331B148D0F00101241</key>
		<dict>
			<key>fileEncoding</key>
			<string>4</string>
			<key>isa</key>
			<string>PBXFileReference</string>
			<key>lastKnownFileType</key>
			<string>sourcecode.c.objc</string>
			<key>path</key>
			<string>secondPageViewController.m</string>
			<key>sourceTree</key>
			<string>&lt;group&gt;</string>
		</dict>
		<key>26E435341B148D0F00101241</key>
		<dict>
			<key>fileEncoding</key>
			<string>4</string>
			<key>isa</key>
			<string>PBXFileReference</string>
			<key>lastKnownFileType</key>
			<string>sourcecode.c.h</string>
			<key>path</key>
			<string>thirdPageViewController.h</string>
			<key>sourceTree</key>
			<string>&lt;group&gt;</string>
		</dict>
		<key>26E435351B148D0F00101241</key>
		<dict>
			<key>fileEncoding</key>
			<string>4</string>
			<key>isa</key>
			<string>PBXFileReference</string>
			<key>lastKnownFileType</key>
			<string>sourcecode.c.objc</string>
			<key>path</key>
			<string>thirdPageViewController.m</string>
			<key>sourceTree</key>
			<string>&lt;group&gt;</string>
		</dict>
		<key>26E435361B148D0F00101241</key>
		<dict>
			<key>children</key>
			<array>
				<string>26E435371B148D0F00101241</string>
			</array>
			<key>isa</key>
			<string>PBXGroup</string>
			<key>path</key>
			<string>image</string>
			<key>sourceTree</key>
			<string>&lt;group&gt;</string>
		</dict>
		<key>26E435371B148D0F00101241</key>
		<dict>
			<key>children</key>
			<array>
				<string>26E435381B148D0F00101241</string>
				<string>26E435391B148D0F00101241</string>
				<string>26E4353A1B148D0F00101241</string>
				<string>26E4353B1B148D0F00101241</string>
				<string>26E4353C1B148D0F00101241</string>
				<string>26E4353D1B148D0F00101241</string>
				<string>26E4353E1B148D0F00101241</string>
			</array>
			<key>isa</key>
			<string>PBXGroup</string>
			<key>path</key>
			<string>tabbar</string>
			<key>sourceTree</key>
			<string>&lt;group&gt;</string>
		</dict>
		<key>26E435381B148D0F00101241</key>
		<dict>
			<key>isa</key>
			<string>PBXFileReference</string>
			<key>lastKnownFileType</key>
			<string>image.png</string>
			<key>path</key>
			<string>about@2x.png</string>
			<key>sourceTree</key>
			<string>&lt;group&gt;</string>
		</dict>
		<key>26E435391B148D0F00101241</key>
		<dict>
			<key>isa</key>
			<string>PBXFileReference</string>
			<key>lastKnownFileType</key>
			<string>image.png</string>
			<key>path</key>
			<string>about_sel@2x.png</string>
			<key>sourceTree</key>
			<string>&lt;group&gt;</string>
		</dict>
		<key>26E4353A1B148D0F00101241</key>
		<dict>
			<key>isa</key>
			<string>PBXFileReference</string>
			<key>lastKnownFileType</key>
			<string>image.png</string>
			<key>path</key>
			<string>blog@2x.png</string>
			<key>sourceTree</key>
			<string>&lt;group&gt;</string>
		</dict>
		<key>26E4353B1B148D0F00101241</key>
		<dict>
			<key>isa</key>
			<string>PBXFileReference</string>
			<key>lastKnownFileType</key>
			<string>image.png</string>
			<key>path</key>
			<string>blog_sel@2x.png</string>
			<key>sourceTree</key>
			<string>&lt;group&gt;</string>
		</dict>
		<key>26E4353C1B148D0F00101241</key>
		<dict>
			<key>isa</key>
			<string>PBXFileReference</string>
			<key>lastKnownFileType</key>
			<string>image.png</string>
			<key>path</key>
			<string>opinion@2x.png</string>
			<key>sourceTree</key>
			<string>&lt;group&gt;</string>
		</dict>
		<key>26E4353D1B148D0F00101241</key>
		<dict>
			<key>isa</key>
			<string>PBXFileReference</string>
			<key>lastKnownFileType</key>
			<string>image.png</string>
			<key>path</key>
			<string>opinion_sel@2x.png</string>
			<key>sourceTree</key>
			<string>&lt;group&gt;</string>
		</dict>
		<key>26E4353E1B148D0F00101241</key>
		<dict>
			<key>isa</key>
			<string>PBXFileReference</string>
			<key>lastKnownFileType</key>
			<string>image.png</string>
			<key>path</key>
			<string>tabbar_background@2x.png</string>
			<key>sourceTree</key>
			<string>&lt;group&gt;</string>
		</dict>
		<key>26E4353F1B148D0F00101241</key>
		<dict>
			<key>fileRef</key>
			<string>26E4352C1B148D0F00101241</string>
			<key>isa</key>
			<string>PBXBuildFile</string>
		</dict>
		<key>26E435401B148D0F00101241</key>
		<dict>
			<key>fileRef</key>
			<string>26E4352E1B148D0F00101241</string>
			<key>isa</key>
			<string>PBXBuildFile</string>
		</dict>
		<key>26E435411B148D0F00101241</key>
		<dict>
			<key>fileRef</key>
			<string>26E435311B148D0F00101241</string>
			<key>isa</key>
			<string>PBXBuildFile</string>
		</dict>
		<key>26E435421B148D0F00101241</key>
		<dict>
			<key>fileRef</key>
			<string>26E435331B148D0F00101241</string>
			<key>isa</key>
			<string>PBXBuildFile</string>
		</dict>
		<key>26E435431B148D0F00101241</key>
		<dict>
			<key>fileRef</key>
			<string>26E435351B148D0F00101241</string>
			<key>isa</key>
			<string>PBXBuildFile</string>
		</dict>
		<key>26E435441B148D0F00101241</key>
		<dict>
			<key>fileRef</key>
			<string>26E435381B148D0F00101241</string>
			<key>isa</key>
			<string>PBXBuildFile</string>
		</dict>
		<key>26E435451B148D0F00101241</key>
		<dict>
			<key>fileRef</key>
			<string>26E435391B148D0F00101241</string>
			<key>isa</key>
			<string>PBXBuildFile</string>
		</dict>
		<key>26E435461B148D0F00101241</key>
		<dict>
			<key>fileRef</key>
			<string>26E4353A1B148D0F00101241</string>
			<key>isa</key>
			<string>PBXBuildFile</string>
		</dict>
		<key>26E435471B148D0F00101241</key>
		<dict>
			<key>fileRef</key>
			<string>26E4353B1B148D0F00101241</string>
			<key>isa</key>
			<string>PBXBuildFile</string>
		</dict>
		<key>26E435481B148D0F00101241</key>
		<dict>
			<key>fileRef</key>
			<string>26E4353C1B148D0F00101241</string>
			<key>isa</key>
			<string>PBXBuildFile</string>
		</dict>
		<key>26E435491B148D0F00101241</key>
		<dict>
			<key>fileRef</key>
			<string>26E4353D1B148D0F00101241</string>
			<key>isa</key>
			<string>PBXBuildFile</string>
		</dict>
		<key>26E4354A1B148D0F00101241</key>
		<dict>
			<key>fileRef</key>
			<string>26E4353E1B148D0F00101241</string>
			<key>isa</key>
			<string>PBXBuildFile</string>
		</dict>
		<key>26E435781B149A1500101241</key>
		<dict>
			<key>children</key>
			<array>
				<string>26E435791B149A1500101241</string>
				<string>26E4357A1B149A1500101241</string>
				<string>26E4357B1B149A1500101241</string>
				<string>26E4357C1B149A1500101241</string>
				<string>26E4357D1B149A1500101241</string>
				<string>26E4357E1B149A1500101241</string>
				<string>26E4357F1B149A1500101241</string>
				<string>26E435801B149A1500101241</string>
				<string>26E435811B149A1500101241</string>
				<string>26E435821B149A1500101241</string>
				<string>26E435831B149A1500101241</string>
				<string>26E435841B149A1500101241</string>
			</array>
			<key>isa</key>
			<string>PBXGroup</string>
			<key>path</key>
			<string>UUChart</string>
			<key>sourceTree</key>
			<string>&lt;group&gt;</string>
		</dict>
		<key>26E435791B149A1500101241</key>
		<dict>
			<key>fileEncoding</key>
			<string>4</string>
			<key>isa</key>
			<string>PBXFileReference</string>
			<key>lastKnownFileType</key>
			<string>sourcecode.c.h</string>
			<key>path</key>
			<string>UUBar.h</string>
			<key>sourceTree</key>
			<string>&lt;group&gt;</string>
		</dict>
		<key>26E4357A1B149A1500101241</key>
		<dict>
			<key>fileEncoding</key>
			<string>4</string>
			<key>isa</key>
			<string>PBXFileReference</string>
			<key>lastKnownFileType</key>
			<string>sourcecode.c.objc</string>
			<key>path</key>
			<string>UUBar.m</string>
			<key>sourceTree</key>
			<string>&lt;group&gt;</string>
		</dict>
		<key>26E4357B1B149A1500101241</key>
		<dict>
			<key>fileEncoding</key>
			<string>4</string>
			<key>isa</key>
			<string>PBXFileReference</string>
			<key>lastKnownFileType</key>
			<string>sourcecode.c.h</string>
			<key>path</key>
			<string>UUBarChart.h</string>
			<key>sourceTree</key>
			<string>&lt;group&gt;</string>
		</dict>
		<key>26E4357C1B149A1500101241</key>
		<dict>
			<key>fileEncoding</key>
			<string>4</string>
			<key>isa</key>
			<string>PBXFileReference</string>
			<key>lastKnownFileType</key>
			<string>sourcecode.c.objc</string>
			<key>path</key>
			<string>UUBarChart.m</string>
			<key>sourceTree</key>
			<string>&lt;group&gt;</string>
		</dict>
		<key>26E4357D1B149A1500101241</key>
		<dict>
			<key>fileEncoding</key>
			<string>4</string>
			<key>isa</key>
			<string>PBXFileReference</string>
			<key>lastKnownFileType</key>
			<string>sourcecode.c.h</string>
			<key>path</key>
			<string>UUChart.h</string>
			<key>sourceTree</key>
			<string>&lt;group&gt;</string>
		</dict>
		<key>26E4357E1B149A1500101241</key>
		<dict>
			<key>fileEncoding</key>
			<string>4</string>
			<key>isa</key>
			<string>PBXFileReference</string>
			<key>lastKnownFileType</key>
			<string>sourcecode.c.objc</string>
			<key>path</key>
			<string>UUChart.m</string>
			<key>sourceTree</key>
			<string>&lt;group&gt;</string>
		</dict>
		<key>26E4357F1B149A1500101241</key>
		<dict>
			<key>fileEncoding</key>
			<string>4</string>
			<key>isa</key>
			<string>PBXFileReference</string>
			<key>lastKnownFileType</key>
			<string>sourcecode.c.h</string>
			<key>path</key>
			<string>UUChartLabel.h</string>
			<key>sourceTree</key>
			<string>&lt;group&gt;</string>
		</dict>
		<key>26E435801B149A1500101241</key>
		<dict>
			<key>fileEncoding</key>
			<string>4</string>
			<key>isa</key>
			<string>PBXFileReference</string>
			<key>lastKnownFileType</key>
			<string>sourcecode.c.objc</string>
			<key>path</key>
			<string>UUChartLabel.m</string>
			<key>sourceTree</key>
			<string>&lt;group&gt;</string>
		</dict>
		<key>26E435811B149A1500101241</key>
		<dict>
			<key>fileEncoding</key>
			<string>4</string>
			<key>isa</key>
			<string>PBXFileReference</string>
			<key>lastKnownFileType</key>
			<string>sourcecode.c.h</string>
			<key>path</key>
			<string>UUColor.h</string>
			<key>sourceTree</key>
			<string>&lt;group&gt;</string>
		</dict>
		<key>26E435821B149A1500101241</key>
		<dict>
			<key>fileEncoding</key>
			<string>4</string>
			<key>isa</key>
			<string>PBXFileReference</string>
			<key>lastKnownFileType</key>
			<string>sourcecode.c.objc</string>
			<key>path</key>
			<string>UUColor.m</string>
			<key>sourceTree</key>
			<string>&lt;group&gt;</string>
		</dict>
		<key>26E435831B149A1500101241</key>
		<dict>
			<key>fileEncoding</key>
			<string>4</string>
			<key>isa</key>
			<string>PBXFileReference</string>
			<key>lastKnownFileType</key>
			<string>sourcecode.c.h</string>
			<key>path</key>
			<string>UULineChart.h</string>
			<key>sourceTree</key>
			<string>&lt;group&gt;</string>
		</dict>
		<key>26E435841B149A1500101241</key>
		<dict>
			<key>fileEncoding</key>
			<string>4</string>
			<key>isa</key>
			<string>PBXFileReference</string>
			<key>lastKnownFileType</key>
			<string>sourcecode.c.objc</string>
			<key>path</key>
			<string>UULineChart.m</string>
			<key>sourceTree</key>
			<string>&lt;group&gt;</string>
		</dict>
		<key>26E435851B149A1500101241</key>
		<dict>
			<key>fileRef</key>
			<string>26E4357A1B149A1500101241</string>
			<key>isa</key>
			<string>PBXBuildFile</string>
		</dict>
		<key>26E435861B149A1500101241</key>
		<dict>
			<key>fileRef</key>
			<string>26E4357C1B149A1500101241</string>
			<key>isa</key>
			<string>PBXBuildFile</string>
		</dict>
		<key>26E435871B149A1500101241</key>
		<dict>
			<key>fileRef</key>
			<string>26E4357E1B149A1500101241</string>
			<key>isa</key>
			<string>PBXBuildFile</string>
		</dict>
		<key>26E435881B149A1500101241</key>
		<dict>
			<key>fileRef</key>
			<string>26E435801B149A1500101241</string>
			<key>isa</key>
			<string>PBXBuildFile</string>
		</dict>
		<key>26E435891B149A1500101241</key>
		<dict>
			<key>fileRef</key>
			<string>26E435821B149A1500101241</string>
			<key>isa</key>
			<string>PBXBuildFile</string>
		</dict>
		<key>26E4358A1B149A1500101241</key>
		<dict>
			<key>fileRef</key>
			<string>26E435841B149A1500101241</string>
			<key>isa</key>
			<string>PBXBuildFile</string>
		</dict>
		<key>5B4C86B53DE1324DF5421069</key>
		<dict>
			<key>children</key>
			<array>
				<string>21A082BDA64E79DFF931BF13</string>
				<string>0ED23A96642C6BA9942FF65D</string>
			</array>
			<key>isa</key>
			<string>PBXGroup</string>
			<key>name</key>
			<string>Pods</string>
			<key>sourceTree</key>
			<string>&lt;group&gt;</string>
		</dict>
		<key>6448A04090ADABA4664DD144</key>
		<dict>
			<key>buildActionMask</key>
			<string>2147483647</string>
			<key>files</key>
			<array/>
			<key>inputPaths</key>
			<array/>
			<key>isa</key>
			<string>PBXShellScriptBuildPhase</string>
			<key>name</key>
			<string>Check Pods Manifest.lock</string>
			<key>outputPaths</key>
			<array/>
			<key>runOnlyForDeploymentPostprocessing</key>
			<string>0</string>
			<key>shellPath</key>
			<string>/bin/sh</string>
			<key>shellScript</key>
			<string>diff "${PODS_ROOT}/../Podfile.lock" "${PODS_ROOT}/Manifest.lock" &gt; /dev/null
if [[ $? != 0 ]] ; then
    cat &lt;&lt; EOM
error: The sandbox is not in sync with the Podfile.lock. Run 'pod install' or update your CocoaPods installation.
EOM
    exit 1
fi
</string>
			<key>showEnvVarsInLog</key>
			<string>0</string>
		</dict>
		<key>89D53A6E5610E0202BEB6793</key>
		<dict>
			<key>explicitFileType</key>
			<string>archive.ar</string>
			<key>includeInIndex</key>
			<string>0</string>
			<key>isa</key>
			<string>PBXFileReference</string>
			<key>path</key>
			<string>libPods.a</string>
			<key>sourceTree</key>
			<string>BUILT_PRODUCTS_DIR</string>
		</dict>
		<key>A1DA60D2DA18973A5A05954E</key>
		<dict>
			<key>fileRef</key>
			<string>89D53A6E5610E0202BEB6793</string>
			<key>isa</key>
			<string>PBXBuildFile</string>
		</dict>
		<key>A6A8A9A9E09F1E3897B464B2</key>
		<dict>
			<key>buildActionMask</key>
			<string>2147483647</string>
			<key>files</key>
			<array/>
			<key>inputPaths</key>
			<array/>
			<key>isa</key>
			<string>PBXShellScriptBuildPhase</string>
			<key>name</key>
			<string>Copy Pods Resources</string>
			<key>outputPaths</key>
			<array/>
			<key>runOnlyForDeploymentPostprocessing</key>
			<string>0</string>
			<key>shellPath</key>
			<string>/bin/sh</string>
			<key>shellScript</key>
			<string>"${SRCROOT}/Pods/Target Support Files/Pods/Pods-resources.sh"
</string>
			<key>showEnvVarsInLog</key>
			<string>0</string>
		</dict>
	</dict>
	<key>rootObject</key>
	<string>26E434F91B1439C900101241</string>
</dict>
</plist>
