// !$*UTF8*$!
{
	archiveVersion = 1;
	classes = {
	};
	objectVersion = 46;
	objects = {

/* Begin PBXBuildFile section */
		2670FEF71B1D9C6A009CACC1 /* WMGaugeView.m in Sources */ = {isa = PBXBuildFile; fileRef = 2670FEF61B1D9C6A009CACC1 /* WMGaugeView.m */; };
		2670FEFB1B1DA5B2009CACC1 /* SFGaugeView.m in Sources */ = {isa = PBXBuildFile; fileRef = 2670FEFA1B1DA5B2009CACC1 /* SFGaugeView.m */; };
		26E435071B1439C900101241 /* main.m in Sources */ = {isa = PBXBuildFile; fileRef = 26E435061B1439C900101241 /* main.m */; };
		26E4350A1B1439C900101241 /* AppDelegate.m in Sources */ = {isa = PBXBuildFile; fileRef = 26E435091B1439C900101241 /* AppDelegate.m */; };
		26E435121B1439C900101241 /* Images.xcassets in Resources */ = {isa = PBXBuildFile; fileRef = 26E435111B1439C900101241 /* Images.xcassets */; };
		26E435151B1439C900101241 /* LaunchScreen.xib in Resources */ = {isa = PBXBuildFile; fileRef = 26E435131B1439C900101241 /* LaunchScreen.xib */; };
		26E435211B1439CA00101241 /* ZXChartTests.m in Sources */ = {isa = PBXBuildFile; fileRef = 26E435201B1439CA00101241 /* ZXChartTests.m */; };
		26E4353F1B148D0F00101241 /* BaseNavigationViewController.m in Sources */ = {isa = PBXBuildFile; fileRef = 26E4352C1B148D0F00101241 /* BaseNavigationViewController.m */; };
		26E435401B148D0F00101241 /* MainTabBarViewController.m in Sources */ = {isa = PBXBuildFile; fileRef = 26E4352E1B148D0F00101241 /* MainTabBarViewController.m */; };
		26E435411B148D0F00101241 /* firstPageViewController.m in Sources */ = {isa = PBXBuildFile; fileRef = 26E435311B148D0F00101241 /* firstPageViewController.m */; };
		26E435421B148D0F00101241 /* secondPageViewController.m in Sources */ = {isa = PBXBuildFile; fileRef = 26E435331B148D0F00101241 /* secondPageViewController.m */; };
		26E435431B148D0F00101241 /* thirdPageViewController.m in Sources */ = {isa = PBXBuildFile; fileRef = 26E435351B148D0F00101241 /* thirdPageViewController.m */; };
		26E435441B148D0F00101241 /* about@2x.png in Resources */ = {isa = PBXBuildFile; fileRef = 26E435381B148D0F00101241 /* about@2x.png */; };
		26E435451B148D0F00101241 /* about_sel@2x.png in Resources */ = {isa = PBXBuildFile; fileRef = 26E435391B148D0F00101241 /* about_sel@2x.png */; };
		26E435461B148D0F00101241 /* blog@2x.png in Resources */ = {isa = PBXBuildFile; fileRef = 26E4353A1B148D0F00101241 /* blog@2x.png */; };
		26E435471B148D0F00101241 /* blog_sel@2x.png in Resources */ = {isa = PBXBuildFile; fileRef = 26E4353B1B148D0F00101241 /* blog_sel@2x.png */; };
		26E435481B148D0F00101241 /* opinion@2x.png in Resources */ = {isa = PBXBuildFile; fileRef = 26E4353C1B148D0F00101241 /* opinion@2x.png */; };
		26E435491B148D0F00101241 /* opinion_sel@2x.png in Resources */ = {isa = PBXBuildFile; fileRef = 26E4353D1B148D0F00101241 /* opinion_sel@2x.png */; };
		26E4354A1B148D0F00101241 /* tabbar_background@2x.png in Resources */ = {isa = PBXBuildFile; fileRef = 26E4353E1B148D0F00101241 /* tabbar_background@2x.png */; };
		26E435851B149A1500101241 /* UUBar.m in Sources */ = {isa = PBXBuildFile; fileRef = 26E4357A1B149A1500101241 /* UUBar.m */; };
		26E435861B149A1500101241 /* UUBarChart.m in Sources */ = {isa = PBXBuildFile; fileRef = 26E4357C1B149A1500101241 /* UUBarChart.m */; };
		26E435871B149A1500101241 /* UUChart.m in Sources */ = {isa = PBXBuildFile; fileRef = 26E4357E1B149A1500101241 /* UUChart.m */; };
		26E435881B149A1500101241 /* UUChartLabel.m in Sources */ = {isa = PBXBuildFile; fileRef = 26E435801B149A1500101241 /* UUChartLabel.m */; };
		26E435891B149A1500101241 /* UUColor.m in Sources */ = {isa = PBXBuildFile; fileRef = 26E435821B149A1500101241 /* UUColor.m */; };
		26E4358A1B149A1500101241 /* UULineChart.m in Sources */ = {isa = PBXBuildFile; fileRef = 26E435841B149A1500101241 /* UULineChart.m */; };
		A1DA60D2DA18973A5A05954E /* libPods.a in Frameworks */ = {isa = PBXBuildFile; fileRef = 89D53A6E5610E0202BEB6793 /* libPods.a */; };
/* End PBXBuildFile section */

/* Begin PBXContainerItemProxy section */
		26E4351B1B1439CA00101241 /* PBXContainerItemProxy */ = {
			isa = PBXContainerItemProxy;
			containerPortal = 26E434F91B1439C900101241 /* Project object */;
			proxyType = 1;
			remoteGlobalIDString = 26E435001B1439C900101241;
			remoteInfo = ZXChart;
		};
/* End PBXContainerItemProxy section */

/* Begin PBXFileReference section */
		0ED23A96642C6BA9942FF65D /* Pods.release.xcconfig */ = {isa = PBXFileReference; includeInIndex = 1; lastKnownFileType = text.xcconfig; name = Pods.release.xcconfig; path = "Pods/Target Support Files/Pods/Pods.release.xcconfig"; sourceTree = "<group>"; };
		21A082BDA64E79DFF931BF13 /* Pods.debug.xcconfig */ = {isa = PBXFileReference; includeInIndex = 1; lastKnownFileType = text.xcconfig; name = Pods.debug.xcconfig; path = "Pods/Target Support Files/Pods/Pods.debug.xcconfig"; sourceTree = "<group>"; };
		2670FEF51B1D9C6A009CACC1 /* WMGaugeView.h */ = {isa = PBXFileReference; fileEncoding = 4; lastKnownFileType = sourcecode.c.h; path = WMGaugeView.h; sourceTree = "<group>"; };
		2670FEF61B1D9C6A009CACC1 /* WMGaugeView.m */ = {isa = PBXFileReference; fileEncoding = 4; lastKnownFileType = sourcecode.c.objc; path = WMGaugeView.m; sourceTree = "<group>"; };
		2670FEF91B1DA5B2009CACC1 /* SFGaugeView.h */ = {isa = PBXFileReference; fileEncoding = 4; lastKnownFileType = sourcecode.c.h; path = SFGaugeView.h; sourceTree = "<group>"; };
		2670FEFA1B1DA5B2009CACC1 /* SFGaugeView.m */ = {isa = PBXFileReference; fileEncoding = 4; lastKnownFileType = sourcecode.c.objc; path = SFGaugeView.m; sourceTree = "<group>"; };
		26E435011B1439C900101241 /* ZXChart.app */ = {isa = PBXFileReference; explicitFileType = wrapper.application; includeInIndex = 0; path = ZXChart.app; sourceTree = BUILT_PRODUCTS_DIR; };
		26E435051B1439C900101241 /* Info.plist */ = {isa = PBXFileReference; lastKnownFileType = text.plist.xml; path = Info.plist; sourceTree = "<group>"; };
		26E435061B1439C900101241 /* main.m */ = {isa = PBXFileReference; lastKnownFileType = sourcecode.c.objc; path = main.m; sourceTree = "<group>"; };
		26E435081B1439C900101241 /* AppDelegate.h */ = {isa = PBXFileReference; lastKnownFileType = sourcecode.c.h; name = AppDelegate.h; path = ../AppDelegate.h; sourceTree = "<group>"; };
		26E435091B1439C900101241 /* AppDelegate.m */ = {isa = PBXFileReference; lastKnownFileType = sourcecode.c.objc; name = AppDelegate.m; path = ../AppDelegate.m; sourceTree = "<group>"; };
		26E435111B1439C900101241 /* Images.xcassets */ = {isa = PBXFileReference; lastKnownFileType = folder.assetcatalog; path = Images.xcassets; sourceTree = "<group>"; };
		26E435141B1439C900101241 /* Base */ = {isa = PBXFileReference; lastKnownFileType = file.xib; name = Base; path = Base.lproj/LaunchScreen.xib; sourceTree = "<group>"; };
		26E4351A1B1439CA00101241 /* ZXChartTests.xctest */ = {isa = PBXFileReference; explicitFileType = wrapper.cfbundle; includeInIndex = 0; path = ZXChartTests.xctest; sourceTree = BUILT_PRODUCTS_DIR; };
		26E4351F1B1439CA00101241 /* Info.plist */ = {isa = PBXFileReference; lastKnownFileType = text.plist.xml; path = Info.plist; sourceTree = "<group>"; };
		26E435201B1439CA00101241 /* ZXChartTests.m */ = {isa = PBXFileReference; lastKnownFileType = sourcecode.c.objc; path = ZXChartTests.m; sourceTree = "<group>"; };
		26E4352B1B148D0F00101241 /* BaseNavigationViewController.h */ = {isa = PBXFileReference; fileEncoding = 4; lastKnownFileType = sourcecode.c.h; path = BaseNavigationViewController.h; sourceTree = "<group>"; };
		26E4352C1B148D0F00101241 /* BaseNavigationViewController.m */ = {isa = PBXFileReference; fileEncoding = 4; lastKnownFileType = sourcecode.c.objc; path = BaseNavigationViewController.m; sourceTree = "<group>"; };
		26E4352D1B148D0F00101241 /* MainTabBarViewController.h */ = {isa = PBXFileReference; fileEncoding = 4; lastKnownFileType = sourcecode.c.h; path = MainTabBarViewController.h; sourceTree = "<group>"; };
		26E4352E1B148D0F00101241 /* MainTabBarViewController.m */ = {isa = PBXFileReference; fileEncoding = 4; lastKnownFileType = sourcecode.c.objc; path = MainTabBarViewController.m; sourceTree = "<group>"; };
		26E435301B148D0F00101241 /* firstPageViewController.h */ = {isa = PBXFileReference; fileEncoding = 4; lastKnownFileType = sourcecode.c.h; path = firstPageViewController.h; sourceTree = "<group>"; };
		26E435311B148D0F00101241 /* firstPageViewController.m */ = {isa = PBXFileReference; fileEncoding = 4; lastKnownFileType = sourcecode.c.objc; path = firstPageViewController.m; sourceTree = "<group>"; };
		26E435321B148D0F00101241 /* secondPageViewController.h */ = {isa = PBXFileReference; fileEncoding = 4; lastKnownFileType = sourcecode.c.h; path = secondPageViewController.h; sourceTree = "<group>"; };
		26E435331B148D0F00101241 /* secondPageViewController.m */ = {isa = PBXFileReference; fileEncoding = 4; lastKnownFileType = sourcecode.c.objc; path = secondPageViewController.m; sourceTree = "<group>"; };
		26E435341B148D0F00101241 /* thirdPageViewController.h */ = {isa = PBXFileReference; fileEncoding = 4; lastKnownFileType = sourcecode.c.h; path = thirdPageViewController.h; sourceTree = "<group>"; };
		26E435351B148D0F00101241 /* thirdPageViewController.m */ = {isa = PBXFileReference; fileEncoding = 4; lastKnownFileType = sourcecode.c.objc; path = thirdPageViewController.m; sourceTree = "<group>"; };
		26E435381B148D0F00101241 /* about@2x.png */ = {isa = PBXFileReference; lastKnownFileType = image.png; path = "about@2x.png"; sourceTree = "<group>"; };
		26E435391B148D0F00101241 /* about_sel@2x.png */ = {isa = PBXFileReference; lastKnownFileType = image.png; path = "about_sel@2x.png"; sourceTree = "<group>"; };
		26E4353A1B148D0F00101241 /* blog@2x.png */ = {isa = PBXFileReference; lastKnownFileType = image.png; path = "blog@2x.png"; sourceTree = "<group>"; };
		26E4353B1B148D0F00101241 /* blog_sel@2x.png */ = {isa = PBXFileReference; lastKnownFileType = image.png; path = "blog_sel@2x.png"; sourceTree = "<group>"; };
		26E4353C1B148D0F00101241 /* opinion@2x.png */ = {isa = PBXFileReference; lastKnownFileType = image.png; path = "opinion@2x.png"; sourceTree = "<group>"; };
		26E4353D1B148D0F00101241 /* opinion_sel@2x.png */ = {isa = PBXFileReference; lastKnownFileType = image.png; path = "opinion_sel@2x.png"; sourceTree = "<group>"; };
		26E4353E1B148D0F00101241 /* tabbar_background@2x.png */ = {isa = PBXFileReference; lastKnownFileType = image.png; path = "tabbar_background@2x.png"; sourceTree = "<group>"; };
		26E435791B149A1500101241 /* UUBar.h */ = {isa = PBXFileReference; fileEncoding = 4; lastKnownFileType = sourcecode.c.h; path = UUBar.h; sourceTree = "<group>"; };
		26E4357A1B149A1500101241 /* UUBar.m */ = {isa = PBXFileReference; fileEncoding = 4; lastKnownFileType = sourcecode.c.objc; path = UUBar.m; sourceTree = "<group>"; };
		26E4357B1B149A1500101241 /* UUBarChart.h */ = {isa = PBXFileReference; fileEncoding = 4; lastKnownFileType = sourcecode.c.h; path = UUBarChart.h; sourceTree = "<group>"; };
		26E4357C1B149A1500101241 /* UUBarChart.m */ = {isa = PBXFileReference; fileEncoding = 4; lastKnownFileType = sourcecode.c.objc; path = UUBarChart.m; sourceTree = "<group>"; };
		26E4357D1B149A1500101241 /* UUChart.h */ = {isa = PBXFileReference; fileEncoding = 4; lastKnownFileType = sourcecode.c.h; path = UUChart.h; sourceTree = "<group>"; };
		26E4357E1B149A1500101241 /* UUChart.m */ = {isa = PBXFileReference; fileEncoding = 4; lastKnownFileType = sourcecode.c.objc; path = UUChart.m; sourceTree = "<group>"; };
		26E4357F1B149A1500101241 /* UUChartLabel.h */ = {isa = PBXFileReference; fileEncoding = 4; lastKnownFileType = sourcecode.c.h; path = UUChartLabel.h; sourceTree = "<group>"; };
		26E435801B149A1500101241 /* UUChartLabel.m */ = {isa = PBXFileReference; fileEncoding = 4; lastKnownFileType = sourcecode.c.objc; path = UUChartLabel.m; sourceTree = "<group>"; };
		26E435811B149A1500101241 /* UUColor.h */ = {isa = PBXFileReference; fileEncoding = 4; lastKnownFileType = sourcecode.c.h; path = UUColor.h; sourceTree = "<group>"; };
		26E435821B149A1500101241 /* UUColor.m */ = {isa = PBXFileReference; fileEncoding = 4; lastKnownFileType = sourcecode.c.objc; path = UUColor.m; sourceTree = "<group>"; };
		26E435831B149A1500101241 /* UULineChart.h */ = {isa = PBXFileReference; fileEncoding = 4; lastKnownFileType = sourcecode.c.h; path = UULineChart.h; sourceTree = "<group>"; };
		26E435841B149A1500101241 /* UULineChart.m */ = {isa = PBXFileReference; fileEncoding = 4; lastKnownFileType = sourcecode.c.objc; path = UULineChart.m; sourceTree = "<group>"; };
		89D53A6E5610E0202BEB6793 /* libPods.a */ = {isa = PBXFileReference; explicitFileType = archive.ar; includeInIndex = 0; path = libPods.a; sourceTree = BUILT_PRODUCTS_DIR; };
/* End PBXFileReference section */

/* Begin PBXFrameworksBuildPhase section */
		26E434FE1B1439C900101241 /* Frameworks */ = {
			isa = PBXFrameworksBuildPhase;
			buildActionMask = 2147483647;
			files = (
				A1DA60D2DA18973A5A05954E /* libPods.a in Frameworks */,
			);
			runOnlyForDeploymentPostprocessing = 0;
		};
		26E435171B1439CA00101241 /* Frameworks */ = {
			isa = PBXFrameworksBuildPhase;
			buildActionMask = 2147483647;
			files = (
			);
			runOnlyForDeploymentPostprocessing = 0;
		};
/* End PBXFrameworksBuildPhase section */

/* Begin PBXGroup section */
		17AD5E18AAA64DADB9AED1B5 /* Frameworks */ = {
			isa = PBXGroup;
			children = (
				89D53A6E5610E0202BEB6793 /* libPods.a */,
			);
			name = Frameworks;
			sourceTree = "<group>";
		};
		2670FEF41B1D9C6A009CACC1 /* WMGaugeView */ = {
			isa = PBXGroup;
			children = (
				2670FEF51B1D9C6A009CACC1 /* WMGaugeView.h */,
				2670FEF61B1D9C6A009CACC1 /* WMGaugeView.m */,
			);
			path = WMGaugeView;
			sourceTree = "<group>";
		};
		2670FEF81B1DA5B2009CACC1 /* SFGaugeView */ = {
			isa = PBXGroup;
			children = (
				2670FEF91B1DA5B2009CACC1 /* SFGaugeView.h */,
				2670FEFA1B1DA5B2009CACC1 /* SFGaugeView.m */,
			);
			path = SFGaugeView;
			sourceTree = "<group>";
		};
		26E434F81B1439C900101241 = {
			isa = PBXGroup;
			children = (
				26E435031B1439C900101241 /* ZXChart */,
				26E4351D1B1439CA00101241 /* ZXChartTests */,
				26E435021B1439C900101241 /* Products */,
				5B4C86B53DE1324DF5421069 /* Pods */,
				17AD5E18AAA64DADB9AED1B5 /* Frameworks */,
			);
			sourceTree = "<group>";
		};
		26E435021B1439C900101241 /* Products */ = {
			isa = PBXGroup;
			children = (
				26E435011B1439C900101241 /* ZXChart.app */,
				26E4351A1B1439CA00101241 /* ZXChartTests.xctest */,
			);
			name = Products;
			sourceTree = "<group>";
		};
		26E435031B1439C900101241 /* ZXChart */ = {
			isa = PBXGroup;
			children = (
				2670FEF81B1DA5B2009CACC1 /* SFGaugeView */,
				2670FEF41B1D9C6A009CACC1 /* WMGaugeView */,
				26E435781B149A1500101241 /* UUChart */,
				26E4352A1B148D0F00101241 /* Common */,
				26E4352F1B148D0F00101241 /* Controller */,
				26E435361B148D0F00101241 /* image */,
				26E435111B1439C900101241 /* Images.xcassets */,
				26E435131B1439C900101241 /* LaunchScreen.xib */,
				26E435041B1439C900101241 /* Supporting Files */,
			);
			path = ZXChart;
			sourceTree = "<group>";
		};
		26E435041B1439C900101241 /* Supporting Files */ = {
			isa = PBXGroup;
			children = (
				26E435051B1439C900101241 /* Info.plist */,
				26E435061B1439C900101241 /* main.m */,
			);
			name = "Supporting Files";
			sourceTree = "<group>";
		};
		26E4351D1B1439CA00101241 /* ZXChartTests */ = {
			isa = PBXGroup;
			children = (
				26E435201B1439CA00101241 /* ZXChartTests.m */,
				26E4351E1B1439CA00101241 /* Supporting Files */,
			);
			path = ZXChartTests;
			sourceTree = "<group>";
		};
		26E4351E1B1439CA00101241 /* Supporting Files */ = {
			isa = PBXGroup;
			children = (
				26E4351F1B1439CA00101241 /* Info.plist */,
			);
			name = "Supporting Files";
			sourceTree = "<group>";
		};
		26E4352A1B148D0F00101241 /* Common */ = {
			isa = PBXGroup;
			children = (
				26E435081B1439C900101241 /* AppDelegate.h */,
				26E435091B1439C900101241 /* AppDelegate.m */,
				26E4352B1B148D0F00101241 /* BaseNavigationViewController.h */,
				26E4352C1B148D0F00101241 /* BaseNavigationViewController.m */,
				26E4352D1B148D0F00101241 /* MainTabBarViewController.h */,
				26E4352E1B148D0F00101241 /* MainTabBarViewController.m */,
			);
			path = Common;
			sourceTree = "<group>";
		};
		26E4352F1B148D0F00101241 /* Controller */ = {
			isa = PBXGroup;
			children = (
				26E435301B148D0F00101241 /* firstPageViewController.h */,
				26E435311B148D0F00101241 /* firstPageViewController.m */,
				26E435321B148D0F00101241 /* secondPageViewController.h */,
				26E435331B148D0F00101241 /* secondPageViewController.m */,
				26E435341B148D0F00101241 /* thirdPageViewController.h */,
				26E435351B148D0F00101241 /* thirdPageViewController.m */,
			);
			path = Controller;
			sourceTree = "<group>";
		};
		26E435361B148D0F00101241 /* image */ = {
			isa = PBXGroup;
			children = (
				26E435371B148D0F00101241 /* tabbar */,
			);
			path = image;
			sourceTree = "<group>";
		};
		26E435371B148D0F00101241 /* tabbar */ = {
			isa = PBXGroup;
			children = (
				26E435381B148D0F00101241 /* about@2x.png */,
				26E435391B148D0F00101241 /* about_sel@2x.png */,
				26E4353A1B148D0F00101241 /* blog@2x.png */,
				26E4353B1B148D0F00101241 /* blog_sel@2x.png */,
				26E4353C1B148D0F00101241 /* opinion@2x.png */,
				26E4353D1B148D0F00101241 /* opinion_sel@2x.png */,
				26E4353E1B148D0F00101241 /* tabbar_background@2x.png */,
			);
			path = tabbar;
			sourceTree = "<group>";
		};
		26E435781B149A1500101241 /* UUChart */ = {
			isa = PBXGroup;
			children = (
				26E435791B149A1500101241 /* UUBar.h */,
				26E4357A1B149A1500101241 /* UUBar.m */,
				26E4357B1B149A1500101241 /* UUBarChart.h */,
				26E4357C1B149A1500101241 /* UUBarChart.m */,
				26E4357D1B149A1500101241 /* UUChart.h */,
				26E4357E1B149A1500101241 /* UUChart.m */,
				26E4357F1B149A1500101241 /* UUChartLabel.h */,
				26E435801B149A1500101241 /* UUChartLabel.m */,
				26E435811B149A1500101241 /* UUColor.h */,
				26E435821B149A1500101241 /* UUColor.m */,
				26E435831B149A1500101241 /* UULineChart.h */,
				26E435841B149A1500101241 /* UULineChart.m */,
			);
			path = UUChart;
			sourceTree = "<group>";
		};
		5B4C86B53DE1324DF5421069 /* Pods */ = {
			isa = PBXGroup;
			children = (
				21A082BDA64E79DFF931BF13 /* Pods.debug.xcconfig */,
				0ED23A96642C6BA9942FF65D /* Pods.release.xcconfig */,
			);
			name = Pods;
			sourceTree = "<group>";
		};
/* End PBXGroup section */

/* Begin PBXNativeTarget section */
		26E435001B1439C900101241 /* ZXChart */ = {
			isa = PBXNativeTarget;
			buildConfigurationList = 26E435241B1439CA00101241 /* Build configuration list for PBXNativeTarget "ZXChart" */;
			buildPhases = (
				6448A04090ADABA4664DD144 /* Check Pods Manifest.lock */,
				26E434FD1B1439C900101241 /* Sources */,
				26E434FE1B1439C900101241 /* Frameworks */,
				26E434FF1B1439C900101241 /* Resources */,
				A6A8A9A9E09F1E3897B464B2 /* Copy Pods Resources */,
			);
			buildRules = (
			);
			dependencies = (
			);
			name = ZXChart;
			productName = ZXChart;
			productReference = 26E435011B1439C900101241 /* ZXChart.app */;
			productType = "com.apple.product-type.application";
		};
		26E435191B1439CA00101241 /* ZXChartTests */ = {
			isa = PBXNativeTarget;
			buildConfigurationList = 26E435271B1439CA00101241 /* Build configuration list for PBXNativeTarget "ZXChartTests" */;
			buildPhases = (
				26E435161B1439CA00101241 /* Sources */,
				26E435171B1439CA00101241 /* Frameworks */,
				26E435181B1439CA00101241 /* Resources */,
			);
			buildRules = (
			);
			dependencies = (
				26E4351C1B1439CA00101241 /* PBXTargetDependency */,
			);
			name = ZXChartTests;
			productName = ZXChartTests;
			productReference = 26E4351A1B1439CA00101241 /* ZXChartTests.xctest */;
			productType = "com.apple.product-type.bundle.unit-test";
		};
/* End PBXNativeTarget section */

/* Begin PBXProject section */
		26E434F91B1439C900101241 /* Project object */ = {
			isa = PBXProject;
			attributes = {
				LastUpgradeCheck = 0630;
				ORGANIZATIONNAME = "微加科技";
				TargetAttributes = {
					26E435001B1439C900101241 = {
						CreatedOnToolsVersion = 6.3.2;
					};
					26E435191B1439CA00101241 = {
						CreatedOnToolsVersion = 6.3.2;
						TestTargetID = 26E435001B1439C900101241;
					};
				};
			};
			buildConfigurationList = 26E434FC1B1439C900101241 /* Build configuration list for PBXProject "ZXChart" */;
			compatibilityVersion = "Xcode 3.2";
			developmentRegion = English;
			hasScannedForEncodings = 0;
			knownRegions = (
				en,
				Base,
			);
			mainGroup = 26E434F81B1439C900101241;
			productRefGroup = 26E435021B1439C900101241 /* Products */;
			projectDirPath = "";
			projectRoot = "";
			targets = (
				26E435001B1439C900101241 /* ZXChart */,
				26E435191B1439CA00101241 /* ZXChartTests */,
			);
		};
/* End PBXProject section */

/* Begin PBXResourcesBuildPhase section */
		26E434FF1B1439C900101241 /* Resources */ = {
			isa = PBXResourcesBuildPhase;
			buildActionMask = 2147483647;
			files = (
				26E435481B148D0F00101241 /* opinion@2x.png in Resources */,
				26E435441B148D0F00101241 /* about@2x.png in Resources */,
				26E435151B1439C900101241 /* LaunchScreen.xib in Resources */,
				26E435121B1439C900101241 /* Images.xcassets in Resources */,
				26E435451B148D0F00101241 /* about_sel@2x.png in Resources */,
				26E435461B148D0F00101241 /* blog@2x.png in Resources */,
				26E435491B148D0F00101241 /* opinion_sel@2x.png in Resources */,
				26E435471B148D0F00101241 /* blog_sel@2x.png in Resources */,
				26E4354A1B148D0F00101241 /* tabbar_background@2x.png in Resources */,
			);
			runOnlyForDeploymentPostprocessing = 0;
		};
		26E435181B1439CA00101241 /* Resources */ = {
			isa = PBXResourcesBuildPhase;
			buildActionMask = 2147483647;
			files = (
			);
			runOnlyForDeploymentPostprocessing = 0;
		};
/* End PBXResourcesBuildPhase section */

/* Begin PBXShellScriptBuildPhase section */
		6448A04090ADABA4664DD144 /* Check Pods Manifest.lock */ = {
			isa = PBXShellScriptBuildPhase;
			buildActionMask = 2147483647;
			files = (
			);
			inputPaths = (
			);
			name = "Check Pods Manifest.lock";
			outputPaths = (
			);
			runOnlyForDeploymentPostprocessing = 0;
			shellPath = /bin/sh;
			shellScript = "diff \"${PODS_ROOT}/../Podfile.lock\" \"${PODS_ROOT}/Manifest.lock\" > /dev/null\nif [[ $? != 0 ]] ; then\n    cat << EOM\nerror: The sandbox is not in sync with the Podfile.lock. Run 'pod install' or update your CocoaPods installation.\nEOM\n    exit 1\nfi\n";
			showEnvVarsInLog = 0;
		};
		A6A8A9A9E09F1E3897B464B2 /* Copy Pods Resources */ = {
			isa = PBXShellScriptBuildPhase;
			buildActionMask = 2147483647;
			files = (
			);
			inputPaths = (
			);
			name = "Copy Pods Resources";
			outputPaths = (
			);
			runOnlyForDeploymentPostprocessing = 0;
			shellPath = /bin/sh;
			shellScript = "\"${SRCROOT}/Pods/Target Support Files/Pods/Pods-resources.sh\"\n";
			showEnvVarsInLog = 0;
		};
/* End PBXShellScriptBuildPhase section */

/* Begin PBXSourcesBuildPhase section */
		26E434FD1B1439C900101241 /* Sources */ = {
			isa = PBXSourcesBuildPhase;
			buildActionMask = 2147483647;
			files = (
				26E435411B148D0F00101241 /* firstPageViewController.m in Sources */,
				26E435851B149A1500101241 /* UUBar.m in Sources */,
				26E435881B149A1500101241 /* UUChartLabel.m in Sources */,
				26E435431B148D0F00101241 /* thirdPageViewController.m in Sources */,
				2670FEFB1B1DA5B2009CACC1 /* SFGaugeView.m in Sources */,
				26E4350A1B1439C900101241 /* AppDelegate.m in Sources */,
				26E435891B149A1500101241 /* UUColor.m in Sources */,
				26E435401B148D0F00101241 /* MainTabBarViewController.m in Sources */,
				26E4353F1B148D0F00101241 /* BaseNavigationViewController.m in Sources */,
				26E435871B149A1500101241 /* UUChart.m in Sources */,
				26E4358A1B149A1500101241 /* UULineChart.m in Sources */,
				2670FEF71B1D9C6A009CACC1 /* WMGaugeView.m in Sources */,
				26E435071B1439C900101241 /* main.m in Sources */,
				26E435421B148D0F00101241 /* secondPageViewController.m in Sources */,
				26E435861B149A1500101241 /* UUBarChart.m in Sources */,
			);
			runOnlyForDeploymentPostprocessing = 0;
		};
		26E435161B1439CA00101241 /* Sources */ = {
			isa = PBXSourcesBuildPhase;
			buildActionMask = 2147483647;
			files = (
				26E435211B1439CA00101241 /* ZXChartTests.m in Sources */,
			);
			runOnlyForDeploymentPostprocessing = 0;
		};
/* End PBXSourcesBuildPhase section */

/* Begin PBXTargetDependency section */
		26E4351C1B1439CA00101241 /* PBXTargetDependency */ = {
			isa = PBXTargetDependency;
			target = 26E435001B1439C900101241 /* ZXChart */;
			targetProxy = 26E4351B1B1439CA00101241 /* PBXContainerItemProxy */;
		};
/* End PBXTargetDependency section */

/* Begin PBXVariantGroup section */
		26E435131B1439C900101241 /* LaunchScreen.xib */ = {
			isa = PBXVariantGroup;
			children = (
				26E435141B1439C900101241 /* Base */,
			);
			name = LaunchScreen.xib;
			sourceTree = "<group>";
		};
/* End PBXVariantGroup section */

/* Begin XCBuildConfiguration section */
		26E435221B1439CA00101241 /* Debug */ = {
			isa = XCBuildConfiguration;
			buildSettings = {
				ALWAYS_SEARCH_USER_PATHS = NO;
				CLANG_CXX_LANGUAGE_STANDARD = "gnu++0x";
				CLANG_CXX_LIBRARY = "libc++";
				CLANG_ENABLE_MODULES = YES;
				CLANG_ENABLE_OBJC_ARC = YES;
				CLANG_WARN_BOOL_CONVERSION = YES;
				CLANG_WARN_CONSTANT_CONVERSION = YES;
				CLANG_WARN_DIRECT_OBJC_ISA_USAGE = YES_ERROR;
				CLANG_WARN_EMPTY_BODY = YES;
				CLANG_WARN_ENUM_CONVERSION = YES;
				CLANG_WARN_INT_CONVERSION = YES;
				CLANG_WARN_OBJC_ROOT_CLASS = YES_ERROR;
				CLANG_WARN_UNREACHABLE_CODE = YES;
				CLANG_WARN__DUPLICATE_METHOD_MATCH = YES;
				"CODE_SIGN_IDENTITY[sdk=iphoneos*]" = "iPhone Developer";
				COPY_PHASE_STRIP = NO;
				DEBUG_INFORMATION_FORMAT = "dwarf-with-dsym";
				ENABLE_STRICT_OBJC_MSGSEND = YES;
				GCC_C_LANGUAGE_STANDARD = gnu99;
				GCC_DYNAMIC_NO_PIC = NO;
				GCC_NO_COMMON_BLOCKS = YES;
				GCC_OPTIMIZATION_LEVEL = 0;
				GCC_PREPROCESSOR_DEFINITIONS = (
					"DEBUG=1",
					"$(inherited)",
				);
				GCC_SYMBOLS_PRIVATE_EXTERN = NO;
				GCC_WARN_64_TO_32_BIT_CONVERSION = YES;
				GCC_WARN_ABOUT_RETURN_TYPE = YES_ERROR;
				GCC_WARN_UNDECLARED_SELECTOR = YES;
				GCC_WARN_UNINITIALIZED_AUTOS = YES_AGGRESSIVE;
				GCC_WARN_UNUSED_FUNCTION = YES;
				GCC_WARN_UNUSED_VARIABLE = YES;
				IPHONEOS_DEPLOYMENT_TARGET = 8.3;
				MTL_ENABLE_DEBUG_INFO = YES;
				ONLY_ACTIVE_ARCH = YES;
				SDKROOT = iphoneos;
			};
			name = Debug;
		};
		26E435231B1439CA00101241 /* Release */ = {
			isa = XCBuildConfiguration;
			buildSettings = {
				ALWAYS_SEARCH_USER_PATHS = NO;
				CLANG_CXX_LANGUAGE_STANDARD = "gnu++0x";
				CLANG_CXX_LIBRARY = "libc++";
				CLANG_ENABLE_MODULES = YES;
				CLANG_ENABLE_OBJC_ARC = YES;
				CLANG_WARN_BOOL_CONVERSION = YES;
				CLANG_WARN_CONSTANT_CONVERSION = YES;
				CLANG_WARN_DIRECT_OBJC_ISA_USAGE = YES_ERROR;
				CLANG_WARN_EMPTY_BODY = YES;
				CLANG_WARN_ENUM_CONVERSION = YES;
				CLANG_WARN_INT_CONVERSION = YES;
				CLANG_WARN_OBJC_ROOT_CLASS = YES_ERROR;
				CLANG_WARN_UNREACHABLE_CODE = YES;
				CLANG_WARN__DUPLICATE_METHOD_MATCH = YES;
				"CODE_SIGN_IDENTITY[sdk=iphoneos*]" = "iPhone Developer";
				COPY_PHASE_STRIP = NO;
				DEBUG_INFORMATION_FORMAT = "dwarf-with-dsym";
				ENABLE_NS_ASSERTIONS = NO;
				ENABLE_STRICT_OBJC_MSGSEND = YES;
				GCC_C_LANGUAGE_STANDARD = gnu99;
				GCC_NO_COMMON_BLOCKS = YES;
				GCC_WARN_64_TO_32_BIT_CONVERSION = YES;
				GCC_WARN_ABOUT_RETURN_TYPE = YES_ERROR;
				GCC_WARN_UNDECLARED_SELECTOR = YES;
				GCC_WARN_UNINITIALIZED_AUTOS = YES_AGGRESSIVE;
				GCC_WARN_UNUSED_FUNCTION = YES;
				GCC_WARN_UNUSED_VARIABLE = YES;
				IPHONEOS_DEPLOYMENT_TARGET = 8.3;
				MTL_ENABLE_DEBUG_INFO = NO;
				SDKROOT = iphoneos;
				VALIDATE_PRODUCT = YES;
			};
			name = Release;
		};
		26E435251B1439CA00101241 /* Debug */ = {
			isa = XCBuildConfiguration;
			baseConfigurationReference = 21A082BDA64E79DFF931BF13 /* Pods.debug.xcconfig */;
			buildSettings = {
				ASSETCATALOG_COMPILER_APPICON_NAME = AppIcon;
				INFOPLIST_FILE = ZXChart/Info.plist;
				LD_RUNPATH_SEARCH_PATHS = "$(inherited) @executable_path/Frameworks";
				PRODUCT_NAME = "$(TARGET_NAME)";
			};
			name = Debug;
		};
		26E435261B1439CA00101241 /* Release */ = {
			isa = XCBuildConfiguration;
			baseConfigurationReference = 0ED23A96642C6BA9942FF65D /* Pods.release.xcconfig */;
			buildSettings = {
				ASSETCATALOG_COMPILER_APPICON_NAME = AppIcon;
				INFOPLIST_FILE = ZXChart/Info.plist;
				LD_RUNPATH_SEARCH_PATHS = "$(inherited) @executable_path/Frameworks";
				PRODUCT_NAME = "$(TARGET_NAME)";
			};
			name = Release;
		};
		26E435281B1439CA00101241 /* Debug */ = {
			isa = XCBuildConfiguration;
			buildSettings = {
				BUNDLE_LOADER = "$(TEST_HOST)";
				FRAMEWORK_SEARCH_PATHS = (
					"$(SDKROOT)/Developer/Library/Frameworks",
					"$(inherited)",
				);
				GCC_PREPROCESSOR_DEFINITIONS = (
					"DEBUG=1",
					"$(inherited)",
				);
				INFOPLIST_FILE = ZXChartTests/Info.plist;
				LD_RUNPATH_SEARCH_PATHS = "$(inherited) @executable_path/Frameworks @loader_path/Frameworks";
				PRODUCT_NAME = "$(TARGET_NAME)";
				TEST_HOST = "$(BUILT_PRODUCTS_DIR)/ZXChart.app/ZXChart";
			};
			name = Debug;
		};
		26E435291B1439CA00101241 /* Release */ = {
			isa = XCBuildConfiguration;
			buildSettings = {
				BUNDLE_LOADER = "$(TEST_HOST)";
				FRAMEWORK_SEARCH_PATHS = (
					"$(SDKROOT)/Developer/Library/Frameworks",
					"$(inherited)",
				);
				INFOPLIST_FILE = ZXChartTests/Info.plist;
				LD_RUNPATH_SEARCH_PATHS = "$(inherited) @executable_path/Frameworks @loader_path/Frameworks";
				PRODUCT_NAME = "$(TARGET_NAME)";
				TEST_HOST = "$(BUILT_PRODUCTS_DIR)/ZXChart.app/ZXChart";
			};
			name = Release;
		};
/* End XCBuildConfiguration section */

/* Begin XCConfigurationList section */
		26E434FC1B1439C900101241 /* Build configuration list for PBXProject "ZXChart" */ = {
			isa = XCConfigurationList;
			buildConfigurations = (
				26E435221B1439CA00101241 /* Debug */,
				26E435231B1439CA00101241 /* Release */,
			);
			defaultConfigurationIsVisible = 0;
			defaultConfigurationName = Release;
		};
		26E435241B1439CA00101241 /* Build configuration list for PBXNativeTarget "ZXChart" */ = {
			isa = XCConfigurationList;
			buildConfigurations = (
				26E435251B1439CA00101241 /* Debug */,
				26E435261B1439CA00101241 /* Release */,
			);
			defaultConfigurationIsVisible = 0;
			defaultConfigurationName = Release;
		};
		26E435271B1439CA00101241 /* Build configuration list for PBXNativeTarget "ZXChartTests" */ = {
			isa = XCConfigurationList;
			buildConfigurations = (
				26E435281B1439CA00101241 /* Debug */,
				26E435291B1439CA00101241 /* Release */,
			);
			defaultConfigurationIsVisible = 0;
			defaultConfigurationName = Release;
		};
/* End XCConfigurationList section */
	};
	rootObject = 26E434F91B1439C900101241 /* Project object */;
}
